
Microsoft Visual Studio Solution File, Format Version 12.00
# Visual Studio Version 16
VisualStudioVersion = 16.0.29905.134
MinimumVisualStudioVersion = 10.0.40219.1
Project("{FAE04EC0-301F-11D3-BF4B-00C04F79EFBC}") = "myFirstInterfaceTest", "myFirstInterfaceTest\myFirstInterfaceTest.csproj", "{C6879700-7DE2-408C-B049-7F386CF372AD}"
EndProject
Global
	GlobalSection(SolutionConfigurationPlatforms) = preSolution
		Debug|Any CPU = Debug|Any CPU
		Release|Any CPU = Release|Any CPU
	EndGlobalSection
	GlobalSection(ProjectConfigurationPlatforms) = postSolution
		{C6879700-7DE2-408C-B049-7F386CF372AD}.Debug|Any CPU.ActiveCfg = Debug|Any CPU
		{C6879700-7DE2-408C-B049-7F386CF372AD}.Debug|Any CPU.Build.0 = Debug|Any CPU
		{C6879700-7DE2-408C-B049-7F386CF372AD}.Release|Any CPU.ActiveCfg = Release|Any CPU
		{C6879700-7DE2-408C-B049-7F386CF372AD}.Release|Any CPU.Build.0 = Release|Any CPU
	EndGlobalSection
	GlobalSection(SolutionProperties) = preSolution
		HideSolutionNode = FALSE
	EndGlobalSection
	GlobalSection(ExtensibilityGlobals) = postSolution
		SolutionGuid = {3898191D-91FC-4E68-B894-CE611A1B06F3}
	EndGlobalSection
EndGlobal
